
Microsoft Visual Studio Solution File, Format Version 12.00
# Visual Studio 14
VisualStudioVersion = 14.0.25420.1
MinimumVisualStudioVersion = 10.0.40219.1
Project("{FAE04EC0-301F-11D3-BF4B-00C04F79EFBC}") = "PasswordValidator", "PasswordValidator\PasswordValidator.csproj", "{B2907484-5EA7-4DC4-A26E-6CB8565E847C}"
EndProject
Project("{FAE04EC0-301F-11D3-BF4B-00C04F79EFBC}") = "PasswordValidator.Tests", "PasswordValidator.Tests\PasswordValidator.Tests.csproj", "{5AADDD61-5DDE-4B1D-9268-D42B37F34E9C}"
EndProject
Project("{FAE04EC0-301F-11D3-BF4B-00C04F79EFBC}") = "PasswordValidator.web", "PasswordValidator.web\PasswordValidator.web.csproj", "{E8163824-9417-4B62-8351-DE728512E87E}"
EndProject
Global
	GlobalSection(SolutionConfigurationPlatforms) = preSolution
		Debug|Any CPU = Debug|Any CPU
		Release|Any CPU = Release|Any CPU
	EndGlobalSection
	GlobalSection(ProjectConfigurationPlatforms) = postSolution
		{B2907484-5EA7-4DC4-A26E-6CB8565E847C}.Debug|Any CPU.ActiveCfg = Debug|Any CPU
		{B2907484-5EA7-4DC4-A26E-6CB8565E847C}.Debug|Any CPU.Build.0 = Debug|Any CPU
		{B2907484-5EA7-4DC4-A26E-6CB8565E847C}.Release|Any CPU.ActiveCfg = Release|Any CPU
		{B2907484-5EA7-4DC4-A26E-6CB8565E847C}.Release|Any CPU.Build.0 = Release|Any CPU
		{5AADDD61-5DDE-4B1D-9268-D42B37F34E9C}.Debug|Any CPU.ActiveCfg = Debug|Any CPU
		{5AADDD61-5DDE-4B1D-9268-D42B37F34E9C}.Debug|Any CPU.Build.0 = Debug|Any CPU
		{5AADDD61-5DDE-4B1D-9268-D42B37F34E9C}.Release|Any CPU.ActiveCfg = Release|Any CPU
		{5AADDD61-5DDE-4B1D-9268-D42B37F34E9C}.Release|Any CPU.Build.0 = Release|Any CPU
		{E8163824-9417-4B62-8351-DE728512E87E}.Debug|Any CPU.ActiveCfg = Debug|Any CPU
		{E8163824-9417-4B62-8351-DE728512E87E}.Debug|Any CPU.Build.0 = Debug|Any CPU
		{E8163824-9417-4B62-8351-DE728512E87E}.Release|Any CPU.ActiveCfg = Release|Any CPU
		{E8163824-9417-4B62-8351-DE728512E87E}.Release|Any CPU.Build.0 = Release|Any CPU
	EndGlobalSection
	GlobalSection(SolutionProperties) = preSolution
		HideSolutionNode = FALSE
	EndGlobalSection
EndGlobal
